
Microsoft Visual Studio Solution File, Format Version 12.00
# Visual Studio 15
VisualStudioVersion = 15.0.28307.1145
MinimumVisualStudioVersion = 10.0.40219.1
Project("{FAE04EC0-301F-11D3-BF4B-00C04F79EFBC}") = "snipper2", "snipper2\snipper2.csproj", "{D8A8AB8A-F457-4776-BE69-B848A1DEE0C3}"
EndProject
Global
	GlobalSection(SolutionConfigurationPlatforms) = preSolution
		Debug|Any CPU = Debug|Any CPU
		Release|Any CPU = Release|Any CPU
	EndGlobalSection
	GlobalSection(ProjectConfigurationPlatforms) = postSolution
		{D8A8AB8A-F457-4776-BE69-B848A1DEE0C3}.Debug|Any CPU.ActiveCfg = Debug|Any CPU
		{D8A8AB8A-F457-4776-BE69-B848A1DEE0C3}.Debug|Any CPU.Build.0 = Debug|Any CPU
		{D8A8AB8A-F457-4776-BE69-B848A1DEE0C3}.Release|Any CPU.ActiveCfg = Release|Any CPU
		{D8A8AB8A-F457-4776-BE69-B848A1DEE0C3}.Release|Any CPU.Build.0 = Release|Any CPU
	EndGlobalSection
	GlobalSection(SolutionProperties) = preSolution
		HideSolutionNode = FALSE
	EndGlobalSection
	GlobalSection(ExtensibilityGlobals) = postSolution
		SolutionGuid = {0417C068-9C2B-4196-B32E-E65EDE1A0DB0}
	EndGlobalSection
EndGlobal
