
Microsoft Visual Studio Solution File, Format Version 12.00
# Visual Studio 15
VisualStudioVersion = 15.0.28307.1145
MinimumVisualStudioVersion = 10.0.40219.1
Project("{FAE04EC0-301F-11D3-BF4B-00C04F79EFBC}") = "snipper1", "snipper1\snipper1.csproj", "{B4461C8C-15A3-4613-B2A0-5460C12B5692}"
EndProject
Global
	GlobalSection(SolutionConfigurationPlatforms) = preSolution
		Debug|Any CPU = Debug|Any CPU
		Release|Any CPU = Release|Any CPU
	EndGlobalSection
	GlobalSection(ProjectConfigurationPlatforms) = postSolution
		{B4461C8C-15A3-4613-B2A0-5460C12B5692}.Debug|Any CPU.ActiveCfg = Debug|Any CPU
		{B4461C8C-15A3-4613-B2A0-5460C12B5692}.Debug|Any CPU.Build.0 = Debug|Any CPU
		{B4461C8C-15A3-4613-B2A0-5460C12B5692}.Release|Any CPU.ActiveCfg = Release|Any CPU
		{B4461C8C-15A3-4613-B2A0-5460C12B5692}.Release|Any CPU.Build.0 = Release|Any CPU
	EndGlobalSection
	GlobalSection(SolutionProperties) = preSolution
		HideSolutionNode = FALSE
	EndGlobalSection
	GlobalSection(ExtensibilityGlobals) = postSolution
		SolutionGuid = {13A19F53-4B36-4E1A-9B68-D82A3E6A1389}
	EndGlobalSection
EndGlobal
