
Microsoft Visual Studio Solution File, Format Version 12.00
# Visual Studio 15
VisualStudioVersion = 15.0.28307.1145
MinimumVisualStudioVersion = 10.0.40219.1
Project("{FAE04EC0-301F-11D3-BF4B-00C04F79EFBC}") = "snipper11", "snipper11\snipper11.csproj", "{3CFB4EB2-FCF6-47E4-AD21-26F2B3A063A9}"
EndProject
Global
	GlobalSection(SolutionConfigurationPlatforms) = preSolution
		Debug|Any CPU = Debug|Any CPU
		Release|Any CPU = Release|Any CPU
	EndGlobalSection
	GlobalSection(ProjectConfigurationPlatforms) = postSolution
		{3CFB4EB2-FCF6-47E4-AD21-26F2B3A063A9}.Debug|Any CPU.ActiveCfg = Debug|Any CPU
		{3CFB4EB2-FCF6-47E4-AD21-26F2B3A063A9}.Debug|Any CPU.Build.0 = Debug|Any CPU
		{3CFB4EB2-FCF6-47E4-AD21-26F2B3A063A9}.Release|Any CPU.ActiveCfg = Release|Any CPU
		{3CFB4EB2-FCF6-47E4-AD21-26F2B3A063A9}.Release|Any CPU.Build.0 = Release|Any CPU
	EndGlobalSection
	GlobalSection(SolutionProperties) = preSolution
		HideSolutionNode = FALSE
	EndGlobalSection
	GlobalSection(ExtensibilityGlobals) = postSolution
		SolutionGuid = {28AF03C2-348A-4F08-BB2F-B6F6DD3F8FC0}
	EndGlobalSection
EndGlobal
