
Microsoft Visual Studio Solution File, Format Version 12.00
# Visual Studio 15
VisualStudioVersion = 15.0.28307.1145
MinimumVisualStudioVersion = 10.0.40219.1
Project("{FAE04EC0-301F-11D3-BF4B-00C04F79EFBC}") = "snipper8", "snipper8\snipper8.csproj", "{E2227AD5-049E-481C-851D-3227BD479C19}"
EndProject
Global
	GlobalSection(SolutionConfigurationPlatforms) = preSolution
		Debug|Any CPU = Debug|Any CPU
		Release|Any CPU = Release|Any CPU
	EndGlobalSection
	GlobalSection(ProjectConfigurationPlatforms) = postSolution
		{E2227AD5-049E-481C-851D-3227BD479C19}.Debug|Any CPU.ActiveCfg = Debug|Any CPU
		{E2227AD5-049E-481C-851D-3227BD479C19}.Debug|Any CPU.Build.0 = Debug|Any CPU
		{E2227AD5-049E-481C-851D-3227BD479C19}.Release|Any CPU.ActiveCfg = Release|Any CPU
		{E2227AD5-049E-481C-851D-3227BD479C19}.Release|Any CPU.Build.0 = Release|Any CPU
	EndGlobalSection
	GlobalSection(SolutionProperties) = preSolution
		HideSolutionNode = FALSE
	EndGlobalSection
	GlobalSection(ExtensibilityGlobals) = postSolution
		SolutionGuid = {7D97D128-CCB0-4584-BA2B-F0115E377FD2}
	EndGlobalSection
EndGlobal
