
Microsoft Visual Studio Solution File, Format Version 12.00
# Visual Studio 15
VisualStudioVersion = 15.0.28307.1145
MinimumVisualStudioVersion = 10.0.40219.1
Project("{FAE04EC0-301F-11D3-BF4B-00C04F79EFBC}") = "snipper12", "snipper12\snipper12.csproj", "{074E62D4-3199-42F5-B538-7AEABEC8EAB5}"
EndProject
Global
	GlobalSection(SolutionConfigurationPlatforms) = preSolution
		Debug|Any CPU = Debug|Any CPU
		Release|Any CPU = Release|Any CPU
	EndGlobalSection
	GlobalSection(ProjectConfigurationPlatforms) = postSolution
		{074E62D4-3199-42F5-B538-7AEABEC8EAB5}.Debug|Any CPU.ActiveCfg = Debug|Any CPU
		{074E62D4-3199-42F5-B538-7AEABEC8EAB5}.Debug|Any CPU.Build.0 = Debug|Any CPU
		{074E62D4-3199-42F5-B538-7AEABEC8EAB5}.Release|Any CPU.ActiveCfg = Release|Any CPU
		{074E62D4-3199-42F5-B538-7AEABEC8EAB5}.Release|Any CPU.Build.0 = Release|Any CPU
	EndGlobalSection
	GlobalSection(SolutionProperties) = preSolution
		HideSolutionNode = FALSE
	EndGlobalSection
	GlobalSection(ExtensibilityGlobals) = postSolution
		SolutionGuid = {9A17298E-09EA-40BB-8366-7E01974F8568}
	EndGlobalSection
EndGlobal
