
Microsoft Visual Studio Solution File, Format Version 12.00
# Visual Studio 15
VisualStudioVersion = 15.0.28307.1145
MinimumVisualStudioVersion = 10.0.40219.1
Project("{FAE04EC0-301F-11D3-BF4B-00C04F79EFBC}") = "snipper3", "snipper3\snipper3.csproj", "{F4335516-2387-432B-BCD6-96BD18C120D7}"
EndProject
Global
	GlobalSection(SolutionConfigurationPlatforms) = preSolution
		Debug|Any CPU = Debug|Any CPU
		Release|Any CPU = Release|Any CPU
	EndGlobalSection
	GlobalSection(ProjectConfigurationPlatforms) = postSolution
		{F4335516-2387-432B-BCD6-96BD18C120D7}.Debug|Any CPU.ActiveCfg = Debug|Any CPU
		{F4335516-2387-432B-BCD6-96BD18C120D7}.Debug|Any CPU.Build.0 = Debug|Any CPU
		{F4335516-2387-432B-BCD6-96BD18C120D7}.Release|Any CPU.ActiveCfg = Release|Any CPU
		{F4335516-2387-432B-BCD6-96BD18C120D7}.Release|Any CPU.Build.0 = Release|Any CPU
	EndGlobalSection
	GlobalSection(SolutionProperties) = preSolution
		HideSolutionNode = FALSE
	EndGlobalSection
	GlobalSection(ExtensibilityGlobals) = postSolution
		SolutionGuid = {35750052-2F0A-44B7-83F2-D40296D444AB}
	EndGlobalSection
EndGlobal
